// !$*UTF8*$!
{
	archiveVersion = 1;
	classes = {
	};
	objectVersion = 77;
	objects = {

/* Begin PBXBuildFile section */
		037B42584F364C6E86C33FA7 /* ActivityWeatherApp.swift in Sources */ = {isa = PBXBuildFile; fileRef = F6ADDA95C55A4003BF7B139A /* ActivityWeatherApp.swift */; };
		3158DD9562A04454BB1A1647 /* ContentView.swift in Sources */ = {isa = PBXBuildFile; fileRef = FE3B460E78894E4690CC2387 /* ContentView.swift */; };
		4925E1811E49402789694E0A /* Assets.xcassets in Resources */ = {isa = PBXBuildFile; fileRef = 8A7158B9DA9B4CA688E19738 /* Assets.xcassets */; };
		0EB3BEBE98DA4EE081CA49F7 /* DailyForecastTests.swift in Sources */ = {isa = PBXBuildFile; fileRef = 57D4C78CA10445DB89008E80 /* DailyForecastTests.swift */; };
		4F5620B52396421197DD25EB /* CoordinateTests.swift in Sources */ = {isa = PBXBuildFile; fileRef = 9DC5A6BE9F9B4B2BA9FAFA39 /* CoordinateTests.swift */; };
		9BB1053363F743B497B1A135 /* CivilDateTests.swift in Sources */ = {isa = PBXBuildFile; fileRef = 2E533A026A7347CFB9341100 /* CivilDateTests.swift */; };
		556D5576AC3D4C158B4A4655 /* SuitabilityScoreTests.swift in Sources */ = {isa = PBXBuildFile; fileRef = 2B9A8C51A2BF49DC99EF54B5 /* SuitabilityScoreTests.swift */; };
		092AC8C1076443AE9B2AA52A /* SuitabilityLevelTests.swift in Sources */ = {isa = PBXBuildFile; fileRef = A6880F0E05F746A4954A0690 /* SuitabilityLevelTests.swift */; };
		89F8B02231FD4AD8AFB30779 /* WeeklyForecastTests.swift in Sources */ = {isa = PBXBuildFile; fileRef = D8F6DC3A919A4F4B8DC048E6 /* WeeklyForecastTests.swift */; };
		EAA2DB427A6F4E498C8A73A9 /* LocationTests.swift in Sources */ = {isa = PBXBuildFile; fileRef = 395F956F0A3F47A789331C11 /* LocationTests.swift */; };
		6284C8D9ACA24DD681774713 /* ActivitySuitabilityTests.swift in Sources */ = {isa = PBXBuildFile; fileRef = BD3D03972576453EA9466E6E /* ActivitySuitabilityTests.swift */; };
		C47D9D5A87F24F62949C3D07 /* ActivityWeatherUITests.swift in Sources */ = {isa = PBXBuildFile; fileRef = 0B51F65DA28B496DAE433571 /* ActivityWeatherUITests.swift */; };
		992F2C83CF2E4C8F9322F10D /* DomainError.swift in Sources */ = {isa = PBXBuildFile; fileRef = BEDBE93AF287431AAA73380C /* DomainError.swift */; };
		50DA6FB18A1F4A08994628C3 /* Coordinate.swift in Sources */ = {isa = PBXBuildFile; fileRef = B4C8E9AB958849C195EDABAA /* Coordinate.swift */; };
		610FCAB89A1740ADA88FDF01 /* SuitabilityScore.swift in Sources */ = {isa = PBXBuildFile; fileRef = ECE86940476443FDAE45D0C4 /* SuitabilityScore.swift */; };
		B3F3F594F6564E38AA4FC2A5 /* CivilDate.swift in Sources */ = {isa = PBXBuildFile; fileRef = F46AD3D6ABAA4189B394F9D8 /* CivilDate.swift */; };
		98398A9644E947B8996AA1E5 /* DailyForecast.swift in Sources */ = {isa = PBXBuildFile; fileRef = 41C98E1D9C114D9B82DD1FD3 /* DailyForecast.swift */; };
		6EDE7A0C7B3A495B81FB0BE5 /* WeeklyForecast.swift in Sources */ = {isa = PBXBuildFile; fileRef = 1CDF966344024ABCA0C9DEB1 /* WeeklyForecast.swift */; };
		C1AD8614E2424C8E9EC957D2 /* Activity.swift in Sources */ = {isa = PBXBuildFile; fileRef = D742258DC9A24D299FADAC8A /* Activity.swift */; };
		8D23D5652F164481A8020B77 /* Location.swift in Sources */ = {isa = PBXBuildFile; fileRef = B736B69F15E040FDB81FE00C /* Location.swift */; };
		1A0DC801B943402C956CB8E0 /* DailyActivitySuitability.swift in Sources */ = {isa = PBXBuildFile; fileRef = 536C93F823A64F0AA6D35A96 /* DailyActivitySuitability.swift */; };
		A51BC048D6BA4A8697DE87FE /* LocationRepository.swift in Sources */ = {isa = PBXBuildFile; fileRef = 40D31E23C79B4BE89260B8A6 /* LocationRepository.swift */; };
		FF57BD8E362E4DACAF1FF89D /* ForecastRepository.swift in Sources */ = {isa = PBXBuildFile; fileRef = 39C4C2DC01BF4AFA84699EBB /* ForecastRepository.swift */; };
		6397BE661C69435286935348 /* ActivityScoring.swift in Sources */ = {isa = PBXBuildFile; fileRef = A9B3712991BF4C0988B085E4 /* ActivityScoring.swift */; };
		G41F0C01B2C14F0A9D3E5F10 /* SuitabilityScoringEngine.swift in Sources */ = {isa = PBXBuildFile; fileRef = H41F0C01B2C14F0A9D3E5F10 /* SuitabilityScoringEngine.swift */; };
		G41F0C02B2C14F0A9D3E5F10 /* ScoringSpecification.swift in Sources */ = {isa = PBXBuildFile; fileRef = H41F0C02B2C14F0A9D3E5F10 /* ScoringSpecification.swift */; };
		G41F0C11B2C14F0A9D3E5F10 /* SuitabilityScoringEngineTests.swift in Sources */ = {isa = PBXBuildFile; fileRef = H41F0C11B2C14F0A9D3E5F10 /* SuitabilityScoringEngineTests.swift */; };
		G41F0C12B2C14F0A9D3E5F10 /* ScoringFixture.swift in Sources */ = {isa = PBXBuildFile; fileRef = H41F0C12B2C14F0A9D3E5F10 /* ScoringFixture.swift */; };
		G41F0C13B2C14F0A9D3E5F10 /* ScoringThresholdTests.swift in Sources */ = {isa = PBXBuildFile; fileRef = H41F0C13B2C14F0A9D3E5F10 /* ScoringThresholdTests.swift */; };
		G41F0C14B2C14F0A9D3E5F10 /* ActivityScoringRankingTests.swift in Sources */ = {isa = PBXBuildFile; fileRef = H41F0C14B2C14F0A9D3E5F10 /* ActivityScoringRankingTests.swift */; };
		5BF9BEB6C44A427C8C99BBB3 /* APIEndpointTests.swift in Sources */ = {isa = PBXBuildFile; fileRef = 4F8B88EB0BC2429B93678737 /* APIEndpointTests.swift */; };
		D3616CA25BF9466783B5C111 /* StubURLProtocol.swift in Sources */ = {isa = PBXBuildFile; fileRef = D4A2B3B10B7C4E05AC779C0C /* StubURLProtocol.swift */; };
		C37A074CA8704B55863FDF18 /* URLSessionAPIClientTests.swift in Sources */ = {isa = PBXBuildFile; fileRef = 33AC9A20F9DA44F68A5764E0 /* URLSessionAPIClientTests.swift */; };
		A635CFFD5E5D4ED2B53E98A8 /* APIError.swift in Sources */ = {isa = PBXBuildFile; fileRef = E82210124FFB48A3AFF517AA /* APIError.swift */; };
		5BDD81BFF66D4A879EBBD1D3 /* APIEndpoint.swift in Sources */ = {isa = PBXBuildFile; fileRef = 4F671628F6A74F32844465D2 /* APIEndpoint.swift */; };
		DA16C32E8BA74F05A740551E /* APIClient.swift in Sources */ = {isa = PBXBuildFile; fileRef = EC089D92C4F2429CB9C418F9 /* APIClient.swift */; };
		3D269D00D588428DA1A54A4A /* URLSessionAPIClient.swift in Sources */ = {isa = PBXBuildFile; fileRef = A109FC2826A64AE4A3C591E5 /* URLSessionAPIClient.swift */; };
		A11E0C01B2C14F0A9D3E5F10 /* OpenMeteoGeocodingEndpointTests.swift in Sources */ = {isa = PBXBuildFile; fileRef = B11E0C01B2C14F0A9D3E5F10 /* OpenMeteoGeocodingEndpointTests.swift */; };
		A11E0C02B2C14F0A9D3E5F10 /* GeocodingLocationMapperTests.swift in Sources */ = {isa = PBXBuildFile; fileRef = B11E0C02B2C14F0A9D3E5F10 /* GeocodingLocationMapperTests.swift */; };
		A11E0C03B2C14F0A9D3E5F10 /* OpenMeteoLocationRepositoryTests.swift in Sources */ = {isa = PBXBuildFile; fileRef = B11E0C03B2C14F0A9D3E5F10 /* OpenMeteoLocationRepositoryTests.swift */; };
		A11E0C04B2C14F0A9D3E5F10 /* StubAPIClient.swift in Sources */ = {isa = PBXBuildFile; fileRef = B11E0C04B2C14F0A9D3E5F10 /* StubAPIClient.swift */; };
		A11E0C05B2C14F0A9D3E5F10 /* GeocodingFixture.swift in Sources */ = {isa = PBXBuildFile; fileRef = B11E0C05B2C14F0A9D3E5F10 /* GeocodingFixture.swift */; };
		A11E0C10B2C14F0A9D3E5F10 /* geocoding_missing_results.json in Resources */ = {isa = PBXBuildFile; fileRef = B11E0C10B2C14F0A9D3E5F10 /* geocoding_missing_results.json */; };
		A11E0C11B2C14F0A9D3E5F10 /* geocoding_empty_results.json in Resources */ = {isa = PBXBuildFile; fileRef = B11E0C11B2C14F0A9D3E5F10 /* geocoding_empty_results.json */; };
		A11E0C12B2C14F0A9D3E5F10 /* geocoding_success_ambiguous.json in Resources */ = {isa = PBXBuildFile; fileRef = B11E0C12B2C14F0A9D3E5F10 /* geocoding_success_ambiguous.json */; };
		A11E0C13B2C14F0A9D3E5F10 /* geocoding_mixed.json in Resources */ = {isa = PBXBuildFile; fileRef = B11E0C13B2C14F0A9D3E5F10 /* geocoding_mixed.json */; };
		A11E0C14B2C14F0A9D3E5F10 /* geocoding_all_invalid.json in Resources */ = {isa = PBXBuildFile; fileRef = B11E0C14B2C14F0A9D3E5F10 /* geocoding_all_invalid.json */; };
		A11E0C15B2C14F0A9D3E5F10 /* geocoding_blank_required.json in Resources */ = {isa = PBXBuildFile; fileRef = B11E0C15B2C14F0A9D3E5F10 /* geocoding_blank_required.json */; };
		A11E0C16B2C14F0A9D3E5F10 /* geocoding_blank_optional.json in Resources */ = {isa = PBXBuildFile; fileRef = B11E0C16B2C14F0A9D3E5F10 /* geocoding_blank_optional.json */; };
		A11E0C17B2C14F0A9D3E5F10 /* geocoding_invalid_coordinates.json in Resources */ = {isa = PBXBuildFile; fileRef = B11E0C17B2C14F0A9D3E5F10 /* geocoding_invalid_coordinates.json */; };
		A11E0C18B2C14F0A9D3E5F10 /* geocoding_wrong_types.json in Resources */ = {isa = PBXBuildFile; fileRef = B11E0C18B2C14F0A9D3E5F10 /* geocoding_wrong_types.json */; };
		D21E0C01B2C14F0A9D3E5F10 /* OpenMeteoGeocodingEndpoint.swift in Sources */ = {isa = PBXBuildFile; fileRef = C21E0C01B2C14F0A9D3E5F10 /* OpenMeteoGeocodingEndpoint.swift */; };
		D21E0C02B2C14F0A9D3E5F10 /* GeocodingResponseDTO.swift in Sources */ = {isa = PBXBuildFile; fileRef = C21E0C02B2C14F0A9D3E5F10 /* GeocodingResponseDTO.swift */; };
		D21E0C03B2C14F0A9D3E5F10 /* GeocodingLocationMapper.swift in Sources */ = {isa = PBXBuildFile; fileRef = C21E0C03B2C14F0A9D3E5F10 /* GeocodingLocationMapper.swift */; };
		D21E0C04B2C14F0A9D3E5F10 /* GeocodingError.swift in Sources */ = {isa = PBXBuildFile; fileRef = C21E0C04B2C14F0A9D3E5F10 /* GeocodingError.swift */; };
		D21E0C05B2C14F0A9D3E5F10 /* OpenMeteoLocationRepository.swift in Sources */ = {isa = PBXBuildFile; fileRef = C21E0C05B2C14F0A9D3E5F10 /* OpenMeteoLocationRepository.swift */; };
		F31F0C01B2C14F0A9D3E5F10 /* OpenMeteoForecastEndpoint.swift in Sources */ = {isa = PBXBuildFile; fileRef = E31F0C01B2C14F0A9D3E5F10 /* OpenMeteoForecastEndpoint.swift */; };
		F31F0C02B2C14F0A9D3E5F10 /* ForecastResponseDTO.swift in Sources */ = {isa = PBXBuildFile; fileRef = E31F0C02B2C14F0A9D3E5F10 /* ForecastResponseDTO.swift */; };
		F31F0C03B2C14F0A9D3E5F10 /* ForecastMapper.swift in Sources */ = {isa = PBXBuildFile; fileRef = E31F0C03B2C14F0A9D3E5F10 /* ForecastMapper.swift */; };
		F31F0C04B2C14F0A9D3E5F10 /* ForecastMappingError.swift in Sources */ = {isa = PBXBuildFile; fileRef = E31F0C04B2C14F0A9D3E5F10 /* ForecastMappingError.swift */; };
		F31F0C05B2C14F0A9D3E5F10 /* OpenMeteoForecastRepository.swift in Sources */ = {isa = PBXBuildFile; fileRef = E31F0C05B2C14F0A9D3E5F10 /* OpenMeteoForecastRepository.swift */; };
		F31F0C11B2C14F0A9D3E5F10 /* OpenMeteoForecastEndpointTests.swift in Sources */ = {isa = PBXBuildFile; fileRef = E31F0C11B2C14F0A9D3E5F10 /* OpenMeteoForecastEndpointTests.swift */; };
		F31F0C12B2C14F0A9D3E5F10 /* ForecastMapperTests.swift in Sources */ = {isa = PBXBuildFile; fileRef = E31F0C12B2C14F0A9D3E5F10 /* ForecastMapperTests.swift */; };
		F31F0C13B2C14F0A9D3E5F10 /* OpenMeteoForecastRepositoryTests.swift in Sources */ = {isa = PBXBuildFile; fileRef = E31F0C13B2C14F0A9D3E5F10 /* OpenMeteoForecastRepositoryTests.swift */; };
		F31F0C14B2C14F0A9D3E5F10 /* ForecastStubAPIClient.swift in Sources */ = {isa = PBXBuildFile; fileRef = E31F0C14B2C14F0A9D3E5F10 /* ForecastStubAPIClient.swift */; };
		F31F0C15B2C14F0A9D3E5F10 /* ForecastFixture.swift in Sources */ = {isa = PBXBuildFile; fileRef = E31F0C15B2C14F0A9D3E5F10 /* ForecastFixture.swift */; };
		F31F0C20B2C14F0A9D3E5F10 /* forecast_success_seven_days.json in Resources */ = {isa = PBXBuildFile; fileRef = E31F0C20B2C14F0A9D3E5F10 /* forecast_success_seven_days.json */; };
		F31F0C21B2C14F0A9D3E5F10 /* forecast_missing_daily.json in Resources */ = {isa = PBXBuildFile; fileRef = E31F0C21B2C14F0A9D3E5F10 /* forecast_missing_daily.json */; };
		F31F0C22B2C14F0A9D3E5F10 /* forecast_missing_daily_units.json in Resources */ = {isa = PBXBuildFile; fileRef = E31F0C22B2C14F0A9D3E5F10 /* forecast_missing_daily_units.json */; };
		F31F0C23B2C14F0A9D3E5F10 /* forecast_missing_timezone.json in Resources */ = {isa = PBXBuildFile; fileRef = E31F0C23B2C14F0A9D3E5F10 /* forecast_missing_timezone.json */; };
		F31F0C24B2C14F0A9D3E5F10 /* forecast_missing_time.json in Resources */ = {isa = PBXBuildFile; fileRef = E31F0C24B2C14F0A9D3E5F10 /* forecast_missing_time.json */; };
		F31F0C25B2C14F0A9D3E5F10 /* forecast_missing_weather_code.json in Resources */ = {isa = PBXBuildFile; fileRef = E31F0C25B2C14F0A9D3E5F10 /* forecast_missing_weather_code.json */; };
		F31F0C26B2C14F0A9D3E5F10 /* forecast_null_weather_code.json in Resources */ = {isa = PBXBuildFile; fileRef = E31F0C26B2C14F0A9D3E5F10 /* forecast_null_weather_code.json */; };
		F31F0C27B2C14F0A9D3E5F10 /* forecast_wrong_types.json in Resources */ = {isa = PBXBuildFile; fileRef = E31F0C27B2C14F0A9D3E5F10 /* forecast_wrong_types.json */; };
		F31F0C28B2C14F0A9D3E5F10 /* forecast_unexpected_unit.json in Resources */ = {isa = PBXBuildFile; fileRef = E31F0C28B2C14F0A9D3E5F10 /* forecast_unexpected_unit.json */; };
		F31F0C29B2C14F0A9D3E5F10 /* forecast_fewer_days.json in Resources */ = {isa = PBXBuildFile; fileRef = E31F0C29B2C14F0A9D3E5F10 /* forecast_fewer_days.json */; };
		F31F0C2AB2C14F0A9D3E5F10 /* forecast_extra_days.json in Resources */ = {isa = PBXBuildFile; fileRef = E31F0C2AB2C14F0A9D3E5F10 /* forecast_extra_days.json */; };
		F31F0C2BB2C14F0A9D3E5F10 /* forecast_mismatched_lengths.json in Resources */ = {isa = PBXBuildFile; fileRef = E31F0C2BB2C14F0A9D3E5F10 /* forecast_mismatched_lengths.json */; };
		F31F0C2CB2C14F0A9D3E5F10 /* forecast_invalid_date.json in Resources */ = {isa = PBXBuildFile; fileRef = E31F0C2CB2C14F0A9D3E5F10 /* forecast_invalid_date.json */; };
/* End PBXBuildFile section */

/* Begin PBXContainerItemProxy section */
		E8910DE24D8B46A98124F381 /* PBXContainerItemProxy */ = {
			isa = PBXContainerItemProxy;
			containerPortal = 2E21DC262DE04E64B13AF181 /* Project object */;
			proxyType = 1;
			remoteGlobalIDString = D95FA6F80D074C29971D52BA;
			remoteInfo = ActivityWeather;
		};
		9B454530A9FB432AB621B82A /* PBXContainerItemProxy */ = {
			isa = PBXContainerItemProxy;
			containerPortal = 2E21DC262DE04E64B13AF181 /* Project object */;
			proxyType = 1;
			remoteGlobalIDString = D95FA6F80D074C29971D52BA;
			remoteInfo = ActivityWeather;
		};
/* End PBXContainerItemProxy section */

/* Begin PBXFileReference section */
		8D3FF9DDFF024809B20486DD /* ActivityWeather.app */ = {isa = PBXFileReference; explicitFileType = wrapper.application; includeInIndex = 0; path = ActivityWeather.app; sourceTree = BUILT_PRODUCTS_DIR; };
		DFE472E830A541A1ADF45009 /* ActivityWeatherTests.xctest */ = {isa = PBXFileReference; explicitFileType = wrapper.cfbundle; includeInIndex = 0; path = ActivityWeatherTests.xctest; sourceTree = BUILT_PRODUCTS_DIR; };
		5FF09B28294F4AF2846951AC /* ActivityWeatherUITests.xctest */ = {isa = PBXFileReference; explicitFileType = wrapper.cfbundle; includeInIndex = 0; path = ActivityWeatherUITests.xctest; sourceTree = BUILT_PRODUCTS_DIR; };
		F6ADDA95C55A4003BF7B139A /* ActivityWeatherApp.swift */ = {isa = PBXFileReference; lastKnownFileType = sourcecode.swift; path = ActivityWeatherApp.swift; sourceTree = "<group>"; };
		FE3B460E78894E4690CC2387 /* ContentView.swift */ = {isa = PBXFileReference; lastKnownFileType = sourcecode.swift; path = ContentView.swift; sourceTree = "<group>"; };
		8A7158B9DA9B4CA688E19738 /* Assets.xcassets */ = {isa = PBXFileReference; lastKnownFileType = folder.assetcatalog; path = Assets.xcassets; sourceTree = "<group>"; };
		57D4C78CA10445DB89008E80 /* DailyForecastTests.swift */ = {isa = PBXFileReference; lastKnownFileType = sourcecode.swift; path = DailyForecastTests.swift; sourceTree = "<group>"; };
		9DC5A6BE9F9B4B2BA9FAFA39 /* CoordinateTests.swift */ = {isa = PBXFileReference; lastKnownFileType = sourcecode.swift; path = CoordinateTests.swift; sourceTree = "<group>"; };
		2E533A026A7347CFB9341100 /* CivilDateTests.swift */ = {isa = PBXFileReference; lastKnownFileType = sourcecode.swift; path = CivilDateTests.swift; sourceTree = "<group>"; };
		2B9A8C51A2BF49DC99EF54B5 /* SuitabilityScoreTests.swift */ = {isa = PBXFileReference; lastKnownFileType = sourcecode.swift; path = SuitabilityScoreTests.swift; sourceTree = "<group>"; };
		A6880F0E05F746A4954A0690 /* SuitabilityLevelTests.swift */ = {isa = PBXFileReference; lastKnownFileType = sourcecode.swift; path = SuitabilityLevelTests.swift; sourceTree = "<group>"; };
		D8F6DC3A919A4F4B8DC048E6 /* WeeklyForecastTests.swift */ = {isa = PBXFileReference; lastKnownFileType = sourcecode.swift; path = WeeklyForecastTests.swift; sourceTree = "<group>"; };
		395F956F0A3F47A789331C11 /* LocationTests.swift */ = {isa = PBXFileReference; lastKnownFileType = sourcecode.swift; path = LocationTests.swift; sourceTree = "<group>"; };
		BD3D03972576453EA9466E6E /* ActivitySuitabilityTests.swift */ = {isa = PBXFileReference; lastKnownFileType = sourcecode.swift; path = ActivitySuitabilityTests.swift; sourceTree = "<group>"; };
		0B51F65DA28B496DAE433571 /* ActivityWeatherUITests.swift */ = {isa = PBXFileReference; lastKnownFileType = sourcecode.swift; path = ActivityWeatherUITests.swift; sourceTree = "<group>"; };
		BEDBE93AF287431AAA73380C /* DomainError.swift */ = {isa = PBXFileReference; lastKnownFileType = sourcecode.swift; path = DomainError.swift; sourceTree = "<group>"; };
		B4C8E9AB958849C195EDABAA /* Coordinate.swift */ = {isa = PBXFileReference; lastKnownFileType = sourcecode.swift; path = Coordinate.swift; sourceTree = "<group>"; };
		ECE86940476443FDAE45D0C4 /* SuitabilityScore.swift */ = {isa = PBXFileReference; lastKnownFileType = sourcecode.swift; path = SuitabilityScore.swift; sourceTree = "<group>"; };
		F46AD3D6ABAA4189B394F9D8 /* CivilDate.swift */ = {isa = PBXFileReference; lastKnownFileType = sourcecode.swift; path = CivilDate.swift; sourceTree = "<group>"; };
		41C98E1D9C114D9B82DD1FD3 /* DailyForecast.swift */ = {isa = PBXFileReference; lastKnownFileType = sourcecode.swift; path = DailyForecast.swift; sourceTree = "<group>"; };
		1CDF966344024ABCA0C9DEB1 /* WeeklyForecast.swift */ = {isa = PBXFileReference; lastKnownFileType = sourcecode.swift; path = WeeklyForecast.swift; sourceTree = "<group>"; };
		D742258DC9A24D299FADAC8A /* Activity.swift */ = {isa = PBXFileReference; lastKnownFileType = sourcecode.swift; path = Activity.swift; sourceTree = "<group>"; };
		B736B69F15E040FDB81FE00C /* Location.swift */ = {isa = PBXFileReference; lastKnownFileType = sourcecode.swift; path = Location.swift; sourceTree = "<group>"; };
		536C93F823A64F0AA6D35A96 /* DailyActivitySuitability.swift */ = {isa = PBXFileReference; lastKnownFileType = sourcecode.swift; path = DailyActivitySuitability.swift; sourceTree = "<group>"; };
		40D31E23C79B4BE89260B8A6 /* LocationRepository.swift */ = {isa = PBXFileReference; lastKnownFileType = sourcecode.swift; path = LocationRepository.swift; sourceTree = "<group>"; };
		39C4C2DC01BF4AFA84699EBB /* ForecastRepository.swift */ = {isa = PBXFileReference; lastKnownFileType = sourcecode.swift; path = ForecastRepository.swift; sourceTree = "<group>"; };
		A9B3712991BF4C0988B085E4 /* ActivityScoring.swift */ = {isa = PBXFileReference; lastKnownFileType = sourcecode.swift; path = ActivityScoring.swift; sourceTree = "<group>"; };
		H41F0C01B2C14F0A9D3E5F10 /* SuitabilityScoringEngine.swift */ = {isa = PBXFileReference; lastKnownFileType = sourcecode.swift; path = SuitabilityScoringEngine.swift; sourceTree = "<group>"; };
		H41F0C02B2C14F0A9D3E5F10 /* ScoringSpecification.swift */ = {isa = PBXFileReference; lastKnownFileType = sourcecode.swift; path = ScoringSpecification.swift; sourceTree = "<group>"; };
		H41F0C11B2C14F0A9D3E5F10 /* SuitabilityScoringEngineTests.swift */ = {isa = PBXFileReference; lastKnownFileType = sourcecode.swift; path = SuitabilityScoringEngineTests.swift; sourceTree = "<group>"; };
		H41F0C12B2C14F0A9D3E5F10 /* ScoringFixture.swift */ = {isa = PBXFileReference; lastKnownFileType = sourcecode.swift; path = ScoringFixture.swift; sourceTree = "<group>"; };
		H41F0C13B2C14F0A9D3E5F10 /* ScoringThresholdTests.swift */ = {isa = PBXFileReference; lastKnownFileType = sourcecode.swift; path = ScoringThresholdTests.swift; sourceTree = "<group>"; };
		H41F0C14B2C14F0A9D3E5F10 /* ActivityScoringRankingTests.swift */ = {isa = PBXFileReference; lastKnownFileType = sourcecode.swift; path = ActivityScoringRankingTests.swift; sourceTree = "<group>"; };
		4F8B88EB0BC2429B93678737 /* APIEndpointTests.swift */ = {isa = PBXFileReference; lastKnownFileType = sourcecode.swift; path = APIEndpointTests.swift; sourceTree = "<group>"; };
		D4A2B3B10B7C4E05AC779C0C /* StubURLProtocol.swift */ = {isa = PBXFileReference; lastKnownFileType = sourcecode.swift; path = StubURLProtocol.swift; sourceTree = "<group>"; };
		33AC9A20F9DA44F68A5764E0 /* URLSessionAPIClientTests.swift */ = {isa = PBXFileReference; lastKnownFileType = sourcecode.swift; path = URLSessionAPIClientTests.swift; sourceTree = "<group>"; };
		E82210124FFB48A3AFF517AA /* APIError.swift */ = {isa = PBXFileReference; lastKnownFileType = sourcecode.swift; path = APIError.swift; sourceTree = "<group>"; };
		4F671628F6A74F32844465D2 /* APIEndpoint.swift */ = {isa = PBXFileReference; lastKnownFileType = sourcecode.swift; path = APIEndpoint.swift; sourceTree = "<group>"; };
		EC089D92C4F2429CB9C418F9 /* APIClient.swift */ = {isa = PBXFileReference; lastKnownFileType = sourcecode.swift; path = APIClient.swift; sourceTree = "<group>"; };
		A109FC2826A64AE4A3C591E5 /* URLSessionAPIClient.swift */ = {isa = PBXFileReference; lastKnownFileType = sourcecode.swift; path = URLSessionAPIClient.swift; sourceTree = "<group>"; };
		B11E0C01B2C14F0A9D3E5F10 /* OpenMeteoGeocodingEndpointTests.swift */ = {isa = PBXFileReference; lastKnownFileType = sourcecode.swift; path = OpenMeteoGeocodingEndpointTests.swift; sourceTree = "<group>"; };
		B11E0C02B2C14F0A9D3E5F10 /* GeocodingLocationMapperTests.swift */ = {isa = PBXFileReference; lastKnownFileType = sourcecode.swift; path = GeocodingLocationMapperTests.swift; sourceTree = "<group>"; };
		B11E0C03B2C14F0A9D3E5F10 /* OpenMeteoLocationRepositoryTests.swift */ = {isa = PBXFileReference; lastKnownFileType = sourcecode.swift; path = OpenMeteoLocationRepositoryTests.swift; sourceTree = "<group>"; };
		B11E0C04B2C14F0A9D3E5F10 /* StubAPIClient.swift */ = {isa = PBXFileReference; lastKnownFileType = sourcecode.swift; path = StubAPIClient.swift; sourceTree = "<group>"; };
		B11E0C05B2C14F0A9D3E5F10 /* GeocodingFixture.swift */ = {isa = PBXFileReference; lastKnownFileType = sourcecode.swift; path = GeocodingFixture.swift; sourceTree = "<group>"; };
		B11E0C10B2C14F0A9D3E5F10 /* geocoding_missing_results.json */ = {isa = PBXFileReference; lastKnownFileType = text.json; path = geocoding_missing_results.json; sourceTree = "<group>"; };
		B11E0C11B2C14F0A9D3E5F10 /* geocoding_empty_results.json */ = {isa = PBXFileReference; lastKnownFileType = text.json; path = geocoding_empty_results.json; sourceTree = "<group>"; };
		B11E0C12B2C14F0A9D3E5F10 /* geocoding_success_ambiguous.json */ = {isa = PBXFileReference; lastKnownFileType = text.json; path = geocoding_success_ambiguous.json; sourceTree = "<group>"; };
		B11E0C13B2C14F0A9D3E5F10 /* geocoding_mixed.json */ = {isa = PBXFileReference; lastKnownFileType = text.json; path = geocoding_mixed.json; sourceTree = "<group>"; };
		B11E0C14B2C14F0A9D3E5F10 /* geocoding_all_invalid.json */ = {isa = PBXFileReference; lastKnownFileType = text.json; path = geocoding_all_invalid.json; sourceTree = "<group>"; };
		B11E0C15B2C14F0A9D3E5F10 /* geocoding_blank_required.json */ = {isa = PBXFileReference; lastKnownFileType = text.json; path = geocoding_blank_required.json; sourceTree = "<group>"; };
		B11E0C16B2C14F0A9D3E5F10 /* geocoding_blank_optional.json */ = {isa = PBXFileReference; lastKnownFileType = text.json; path = geocoding_blank_optional.json; sourceTree = "<group>"; };
		B11E0C17B2C14F0A9D3E5F10 /* geocoding_invalid_coordinates.json */ = {isa = PBXFileReference; lastKnownFileType = text.json; path = geocoding_invalid_coordinates.json; sourceTree = "<group>"; };
		B11E0C18B2C14F0A9D3E5F10 /* geocoding_wrong_types.json */ = {isa = PBXFileReference; lastKnownFileType = text.json; path = geocoding_wrong_types.json; sourceTree = "<group>"; };
		C21E0C01B2C14F0A9D3E5F10 /* OpenMeteoGeocodingEndpoint.swift */ = {isa = PBXFileReference; lastKnownFileType = sourcecode.swift; path = OpenMeteoGeocodingEndpoint.swift; sourceTree = "<group>"; };
		C21E0C02B2C14F0A9D3E5F10 /* GeocodingResponseDTO.swift */ = {isa = PBXFileReference; lastKnownFileType = sourcecode.swift; path = GeocodingResponseDTO.swift; sourceTree = "<group>"; };
		C21E0C03B2C14F0A9D3E5F10 /* GeocodingLocationMapper.swift */ = {isa = PBXFileReference; lastKnownFileType = sourcecode.swift; path = GeocodingLocationMapper.swift; sourceTree = "<group>"; };
		C21E0C04B2C14F0A9D3E5F10 /* GeocodingError.swift */ = {isa = PBXFileReference; lastKnownFileType = sourcecode.swift; path = GeocodingError.swift; sourceTree = "<group>"; };
		C21E0C05B2C14F0A9D3E5F10 /* OpenMeteoLocationRepository.swift */ = {isa = PBXFileReference; lastKnownFileType = sourcecode.swift; path = OpenMeteoLocationRepository.swift; sourceTree = "<group>"; };
		E31F0C01B2C14F0A9D3E5F10 /* OpenMeteoForecastEndpoint.swift */ = {isa = PBXFileReference; lastKnownFileType = sourcecode.swift; path = OpenMeteoForecastEndpoint.swift; sourceTree = "<group>"; };
		E31F0C02B2C14F0A9D3E5F10 /* ForecastResponseDTO.swift */ = {isa = PBXFileReference; lastKnownFileType = sourcecode.swift; path = ForecastResponseDTO.swift; sourceTree = "<group>"; };
		E31F0C03B2C14F0A9D3E5F10 /* ForecastMapper.swift */ = {isa = PBXFileReference; lastKnownFileType = sourcecode.swift; path = ForecastMapper.swift; sourceTree = "<group>"; };
		E31F0C04B2C14F0A9D3E5F10 /* ForecastMappingError.swift */ = {isa = PBXFileReference; lastKnownFileType = sourcecode.swift; path = ForecastMappingError.swift; sourceTree = "<group>"; };
		E31F0C05B2C14F0A9D3E5F10 /* OpenMeteoForecastRepository.swift */ = {isa = PBXFileReference; lastKnownFileType = sourcecode.swift; path = OpenMeteoForecastRepository.swift; sourceTree = "<group>"; };
		E31F0C11B2C14F0A9D3E5F10 /* OpenMeteoForecastEndpointTests.swift */ = {isa = PBXFileReference; lastKnownFileType = sourcecode.swift; path = OpenMeteoForecastEndpointTests.swift; sourceTree = "<group>"; };
		E31F0C12B2C14F0A9D3E5F10 /* ForecastMapperTests.swift */ = {isa = PBXFileReference; lastKnownFileType = sourcecode.swift; path = ForecastMapperTests.swift; sourceTree = "<group>"; };
		E31F0C13B2C14F0A9D3E5F10 /* OpenMeteoForecastRepositoryTests.swift */ = {isa = PBXFileReference; lastKnownFileType = sourcecode.swift; path = OpenMeteoForecastRepositoryTests.swift; sourceTree = "<group>"; };
		E31F0C14B2C14F0A9D3E5F10 /* ForecastStubAPIClient.swift */ = {isa = PBXFileReference; lastKnownFileType = sourcecode.swift; path = ForecastStubAPIClient.swift; sourceTree = "<group>"; };
		E31F0C15B2C14F0A9D3E5F10 /* ForecastFixture.swift */ = {isa = PBXFileReference; lastKnownFileType = sourcecode.swift; path = ForecastFixture.swift; sourceTree = "<group>"; };
		E31F0C20B2C14F0A9D3E5F10 /* forecast_success_seven_days.json */ = {isa = PBXFileReference; lastKnownFileType = text.json; path = forecast_success_seven_days.json; sourceTree = "<group>"; };
		E31F0C21B2C14F0A9D3E5F10 /* forecast_missing_daily.json */ = {isa = PBXFileReference; lastKnownFileType = text.json; path = forecast_missing_daily.json; sourceTree = "<group>"; };
		E31F0C22B2C14F0A9D3E5F10 /* forecast_missing_daily_units.json */ = {isa = PBXFileReference; lastKnownFileType = text.json; path = forecast_missing_daily_units.json; sourceTree = "<group>"; };
		E31F0C23B2C14F0A9D3E5F10 /* forecast_missing_timezone.json */ = {isa = PBXFileReference; lastKnownFileType = text.json; path = forecast_missing_timezone.json; sourceTree = "<group>"; };
		E31F0C24B2C14F0A9D3E5F10 /* forecast_missing_time.json */ = {isa = PBXFileReference; lastKnownFileType = text.json; path = forecast_missing_time.json; sourceTree = "<group>"; };
		E31F0C25B2C14F0A9D3E5F10 /* forecast_missing_weather_code.json */ = {isa = PBXFileReference; lastKnownFileType = text.json; path = forecast_missing_weather_code.json; sourceTree = "<group>"; };
		E31F0C26B2C14F0A9D3E5F10 /* forecast_null_weather_code.json */ = {isa = PBXFileReference; lastKnownFileType = text.json; path = forecast_null_weather_code.json; sourceTree = "<group>"; };
		E31F0C27B2C14F0A9D3E5F10 /* forecast_wrong_types.json */ = {isa = PBXFileReference; lastKnownFileType = text.json; path = forecast_wrong_types.json; sourceTree = "<group>"; };
		E31F0C28B2C14F0A9D3E5F10 /* forecast_unexpected_unit.json */ = {isa = PBXFileReference; lastKnownFileType = text.json; path = forecast_unexpected_unit.json; sourceTree = "<group>"; };
		E31F0C29B2C14F0A9D3E5F10 /* forecast_fewer_days.json */ = {isa = PBXFileReference; lastKnownFileType = text.json; path = forecast_fewer_days.json; sourceTree = "<group>"; };
		E31F0C2AB2C14F0A9D3E5F10 /* forecast_extra_days.json */ = {isa = PBXFileReference; lastKnownFileType = text.json; path = forecast_extra_days.json; sourceTree = "<group>"; };
		E31F0C2BB2C14F0A9D3E5F10 /* forecast_mismatched_lengths.json */ = {isa = PBXFileReference; lastKnownFileType = text.json; path = forecast_mismatched_lengths.json; sourceTree = "<group>"; };
		E31F0C2CB2C14F0A9D3E5F10 /* forecast_invalid_date.json */ = {isa = PBXFileReference; lastKnownFileType = text.json; path = forecast_invalid_date.json; sourceTree = "<group>"; };
/* End PBXFileReference section */

/* Begin PBXFrameworksBuildPhase section */
		BD9FFB420CE5461392C80A1D /* Frameworks */ = {
			isa = PBXFrameworksBuildPhase;
			buildActionMask = 2147483647;
			files = (
			);
			runOnlyForDeploymentPostprocessing = 0;
		};
		F29FD39058864A119443A1E5 /* Frameworks */ = {
			isa = PBXFrameworksBuildPhase;
			buildActionMask = 2147483647;
			files = (
			);
			runOnlyForDeploymentPostprocessing = 0;
		};
		8EA8E9C65E02417D9C7F72EE /* Frameworks */ = {
			isa = PBXFrameworksBuildPhase;
			buildActionMask = 2147483647;
			files = (
			);
			runOnlyForDeploymentPostprocessing = 0;
		};
/* End PBXFrameworksBuildPhase section */

/* Begin PBXGroup section */
		F4C84CEF4F0646C287C7B41E = {
			isa = PBXGroup;
			children = (
				6C44CE66F9304774B16D7B30 /* ActivityWeather */,
				602369F36B48487CA1D0DEAB /* ActivityWeatherTests */,
				21F333DAA2B340E68CEEB8CF /* ActivityWeatherUITests */,
				6DC74ECCB9E349828AF0F3C0 /* Products */,
			);
			sourceTree = "<group>";
		};
		6DC74ECCB9E349828AF0F3C0 /* Products */ = {
			isa = PBXGroup;
			children = (
				8D3FF9DDFF024809B20486DD /* ActivityWeather.app */,
				DFE472E830A541A1ADF45009 /* ActivityWeatherTests.xctest */,
				5FF09B28294F4AF2846951AC /* ActivityWeatherUITests.xctest */,
			);
			name = Products;
			sourceTree = "<group>";
		};
		6C44CE66F9304774B16D7B30 /* ActivityWeather */ = {
			isa = PBXGroup;
			children = (
				BB8A9092C0D64B80A55B8EB4 /* App */,
				A21999EAC33447EF96738CC8 /* Domain */,
				7B282C4EE696479EA234B8E5 /* Data */,
				02684CD9C58E4004BB04FBD7 /* Resources */,
			);
			path = ActivityWeather;
			sourceTree = "<group>";
		};
		BB8A9092C0D64B80A55B8EB4 /* App */ = {
			isa = PBXGroup;
			children = (
				F6ADDA95C55A4003BF7B139A /* ActivityWeatherApp.swift */,
				FE3B460E78894E4690CC2387 /* ContentView.swift */,
			);
			path = App;
			sourceTree = "<group>";
		};
		A21999EAC33447EF96738CC8 /* Domain */ = {
			isa = PBXGroup;
			children = (
				BEDBE93AF287431AAA73380C /* DomainError.swift */,
				192C9654A68441ECBBFF9C8B /* Models */,
				7330FAD6C35A4BD9B60CAAF3 /* Repositories */,
				00ADD4561C2D42E58F05BD4D /* Scoring */,
			);
			path = Domain;
			sourceTree = "<group>";
		};
		192C9654A68441ECBBFF9C8B /* Models */ = {
			isa = PBXGroup;
			children = (
				B4C8E9AB958849C195EDABAA /* Coordinate.swift */,
				ECE86940476443FDAE45D0C4 /* SuitabilityScore.swift */,
				F46AD3D6ABAA4189B394F9D8 /* CivilDate.swift */,
				41C98E1D9C114D9B82DD1FD3 /* DailyForecast.swift */,
				1CDF966344024ABCA0C9DEB1 /* WeeklyForecast.swift */,
				D742258DC9A24D299FADAC8A /* Activity.swift */,
				B736B69F15E040FDB81FE00C /* Location.swift */,
				536C93F823A64F0AA6D35A96 /* DailyActivitySuitability.swift */,
			);
			path = Models;
			sourceTree = "<group>";
		};
		7330FAD6C35A4BD9B60CAAF3 /* Repositories */ = {
			isa = PBXGroup;
			children = (
				40D31E23C79B4BE89260B8A6 /* LocationRepository.swift */,
				39C4C2DC01BF4AFA84699EBB /* ForecastRepository.swift */,
			);
			path = Repositories;
			sourceTree = "<group>";
		};
		00ADD4561C2D42E58F05BD4D /* Scoring */ = {
			isa = PBXGroup;
			children = (
				A9B3712991BF4C0988B085E4 /* ActivityScoring.swift */,
				H41F0C01B2C14F0A9D3E5F10 /* SuitabilityScoringEngine.swift */,
				H41F0C02B2C14F0A9D3E5F10 /* ScoringSpecification.swift */,
			);
			path = Scoring;
			sourceTree = "<group>";
		};
		7B282C4EE696479EA234B8E5 /* Data */ = {
			isa = PBXGroup;
			children = (
				C21E0C10B2C14F0A9D3E5F10 /* DTOs */,
				C21E0C11B2C14F0A9D3E5F10 /* Mappers */,
				FE7B449628BA420197688724 /* Networking */,
				C21E0C12B2C14F0A9D3E5F10 /* Repositories */,
			);
			path = Data;
			sourceTree = "<group>";
		};
		C21E0C10B2C14F0A9D3E5F10 /* DTOs */ = {
			isa = PBXGroup;
			children = (
				C21E0C02B2C14F0A9D3E5F10 /* GeocodingResponseDTO.swift */,
				E31F0C02B2C14F0A9D3E5F10 /* ForecastResponseDTO.swift */,
			);
			path = DTOs;
			sourceTree = "<group>";
		};
		C21E0C11B2C14F0A9D3E5F10 /* Mappers */ = {
			isa = PBXGroup;
			children = (
				C21E0C04B2C14F0A9D3E5F10 /* GeocodingError.swift */,
				C21E0C03B2C14F0A9D3E5F10 /* GeocodingLocationMapper.swift */,
				E31F0C04B2C14F0A9D3E5F10 /* ForecastMappingError.swift */,
				E31F0C03B2C14F0A9D3E5F10 /* ForecastMapper.swift */,
			);
			path = Mappers;
			sourceTree = "<group>";
		};
		C21E0C12B2C14F0A9D3E5F10 /* Repositories */ = {
			isa = PBXGroup;
			children = (
				C21E0C05B2C14F0A9D3E5F10 /* OpenMeteoLocationRepository.swift */,
				E31F0C05B2C14F0A9D3E5F10 /* OpenMeteoForecastRepository.swift */,
			);
			path = Repositories;
			sourceTree = "<group>";
		};
		FE7B449628BA420197688724 /* Networking */ = {
			isa = PBXGroup;
			children = (
				E82210124FFB48A3AFF517AA /* APIError.swift */,
				4F671628F6A74F32844465D2 /* APIEndpoint.swift */,
				EC089D92C4F2429CB9C418F9 /* APIClient.swift */,
				A109FC2826A64AE4A3C591E5 /* URLSessionAPIClient.swift */,
				C21E0C01B2C14F0A9D3E5F10 /* OpenMeteoGeocodingEndpoint.swift */,
				E31F0C01B2C14F0A9D3E5F10 /* OpenMeteoForecastEndpoint.swift */,
			);
			path = Networking;
			sourceTree = "<group>";
		};
		02684CD9C58E4004BB04FBD7 /* Resources */ = {
			isa = PBXGroup;
			children = (
				8A7158B9DA9B4CA688E19738 /* Assets.xcassets */,
			);
			path = Resources;
			sourceTree = "<group>";
		};
		602369F36B48487CA1D0DEAB /* ActivityWeatherTests */ = {
			isa = PBXGroup;
			children = (
				A058A004E77045E98992A2F7 /* Domain */,
				145300566A174CFFB208B4BE /* Data */,
			);
			path = ActivityWeatherTests;
			sourceTree = "<group>";
		};
		145300566A174CFFB208B4BE /* Data */ = {
			isa = PBXGroup;
			children = (
				C76BCC5955BB4AC692D69E09 /* Networking */,
				C11E0C20B2C14F0A9D3E5F10 /* Geocoding */,
				E31F0C30B2C14F0A9D3E5F10 /* Forecast */,
			);
			path = Data;
			sourceTree = "<group>";
		};
		C11E0C20B2C14F0A9D3E5F10 /* Geocoding */ = {
			isa = PBXGroup;
			children = (
				B11E0C01B2C14F0A9D3E5F10 /* OpenMeteoGeocodingEndpointTests.swift */,
				B11E0C02B2C14F0A9D3E5F10 /* GeocodingLocationMapperTests.swift */,
				B11E0C03B2C14F0A9D3E5F10 /* OpenMeteoLocationRepositoryTests.swift */,
				B11E0C04B2C14F0A9D3E5F10 /* StubAPIClient.swift */,
				B11E0C05B2C14F0A9D3E5F10 /* GeocodingFixture.swift */,
				C11E0C21B2C14F0A9D3E5F10 /* Fixtures */,
			);
			path = Geocoding;
			sourceTree = "<group>";
		};
		E31F0C30B2C14F0A9D3E5F10 /* Forecast */ = {
			isa = PBXGroup;
			children = (
				E31F0C11B2C14F0A9D3E5F10 /* OpenMeteoForecastEndpointTests.swift */,
				E31F0C12B2C14F0A9D3E5F10 /* ForecastMapperTests.swift */,
				E31F0C13B2C14F0A9D3E5F10 /* OpenMeteoForecastRepositoryTests.swift */,
				E31F0C14B2C14F0A9D3E5F10 /* ForecastStubAPIClient.swift */,
				E31F0C15B2C14F0A9D3E5F10 /* ForecastFixture.swift */,
				E31F0C31B2C14F0A9D3E5F10 /* Fixtures */,
			);
			path = Forecast;
			sourceTree = "<group>";
		};
		E31F0C31B2C14F0A9D3E5F10 /* Fixtures */ = {
			isa = PBXGroup;
			children = (
				E31F0C20B2C14F0A9D3E5F10 /* forecast_success_seven_days.json */,
				E31F0C21B2C14F0A9D3E5F10 /* forecast_missing_daily.json */,
				E31F0C22B2C14F0A9D3E5F10 /* forecast_missing_daily_units.json */,
				E31F0C23B2C14F0A9D3E5F10 /* forecast_missing_timezone.json */,
				E31F0C24B2C14F0A9D3E5F10 /* forecast_missing_time.json */,
				E31F0C25B2C14F0A9D3E5F10 /* forecast_missing_weather_code.json */,
				E31F0C26B2C14F0A9D3E5F10 /* forecast_null_weather_code.json */,
				E31F0C27B2C14F0A9D3E5F10 /* forecast_wrong_types.json */,
				E31F0C28B2C14F0A9D3E5F10 /* forecast_unexpected_unit.json */,
				E31F0C29B2C14F0A9D3E5F10 /* forecast_fewer_days.json */,
				E31F0C2AB2C14F0A9D3E5F10 /* forecast_extra_days.json */,
				E31F0C2BB2C14F0A9D3E5F10 /* forecast_mismatched_lengths.json */,
				E31F0C2CB2C14F0A9D3E5F10 /* forecast_invalid_date.json */,
			);
			path = Fixtures;
			sourceTree = "<group>";
		};
		C11E0C21B2C14F0A9D3E5F10 /* Fixtures */ = {
			isa = PBXGroup;
			children = (
				B11E0C10B2C14F0A9D3E5F10 /* geocoding_missing_results.json */,
				B11E0C11B2C14F0A9D3E5F10 /* geocoding_empty_results.json */,
				B11E0C12B2C14F0A9D3E5F10 /* geocoding_success_ambiguous.json */,
				B11E0C13B2C14F0A9D3E5F10 /* geocoding_mixed.json */,
				B11E0C14B2C14F0A9D3E5F10 /* geocoding_all_invalid.json */,
				B11E0C15B2C14F0A9D3E5F10 /* geocoding_blank_required.json */,
				B11E0C16B2C14F0A9D3E5F10 /* geocoding_blank_optional.json */,
				B11E0C17B2C14F0A9D3E5F10 /* geocoding_invalid_coordinates.json */,
				B11E0C18B2C14F0A9D3E5F10 /* geocoding_wrong_types.json */,
			);
			path = Fixtures;
			sourceTree = "<group>";
		};
		C76BCC5955BB4AC692D69E09 /* Networking */ = {
			isa = PBXGroup;
			children = (
				4F8B88EB0BC2429B93678737 /* APIEndpointTests.swift */,
				D4A2B3B10B7C4E05AC779C0C /* StubURLProtocol.swift */,
				33AC9A20F9DA44F68A5764E0 /* URLSessionAPIClientTests.swift */,
			);
			path = Networking;
			sourceTree = "<group>";
		};
		A058A004E77045E98992A2F7 /* Domain */ = {
			isa = PBXGroup;
			children = (
				29A4A66C738C437E83643BAE /* Models */,
				H41F0C20B2C14F0A9D3E5F10 /* Scoring */,
			);
			path = Domain;
			sourceTree = "<group>";
		};
		29A4A66C738C437E83643BAE /* Models */ = {
			isa = PBXGroup;
			children = (
				9DC5A6BE9F9B4B2BA9FAFA39 /* CoordinateTests.swift */,
				2E533A026A7347CFB9341100 /* CivilDateTests.swift */,
				2B9A8C51A2BF49DC99EF54B5 /* SuitabilityScoreTests.swift */,
				A6880F0E05F746A4954A0690 /* SuitabilityLevelTests.swift */,
				57D4C78CA10445DB89008E80 /* DailyForecastTests.swift */,
				D8F6DC3A919A4F4B8DC048E6 /* WeeklyForecastTests.swift */,
				395F956F0A3F47A789331C11 /* LocationTests.swift */,
				BD3D03972576453EA9466E6E /* ActivitySuitabilityTests.swift */,
			);
			path = Models;
			sourceTree = "<group>";
		};
		H41F0C20B2C14F0A9D3E5F10 /* Scoring */ = {
			isa = PBXGroup;
			children = (
				H41F0C12B2C14F0A9D3E5F10 /* ScoringFixture.swift */,
				H41F0C11B2C14F0A9D3E5F10 /* SuitabilityScoringEngineTests.swift */,
				H41F0C13B2C14F0A9D3E5F10 /* ScoringThresholdTests.swift */,
				H41F0C14B2C14F0A9D3E5F10 /* ActivityScoringRankingTests.swift */,
			);
			path = Scoring;
			sourceTree = "<group>";
		};
		21F333DAA2B340E68CEEB8CF /* ActivityWeatherUITests */ = {
			isa = PBXGroup;
			children = (
				0B51F65DA28B496DAE433571 /* ActivityWeatherUITests.swift */,
			);
			path = ActivityWeatherUITests;
			sourceTree = "<group>";
		};
/* End PBXGroup section */

/* Begin PBXNativeTarget section */
		D95FA6F80D074C29971D52BA /* ActivityWeather */ = {
			isa = PBXNativeTarget;
			buildConfigurationList = 997B799D407C43D985743265 /* Build configuration list for PBXNativeTarget "ActivityWeather" */;
			buildPhases = (
				D086E7E52DF24BAB9AA10A1F /* Sources */,
				BD9FFB420CE5461392C80A1D /* Frameworks */,
				289CB9AF2513427A918A9332 /* Resources */,
			);
			buildRules = (
			);
			dependencies = (
			);
			name = ActivityWeather;
			productName = ActivityWeather;
			productReference = 8D3FF9DDFF024809B20486DD /* ActivityWeather.app */;
			productType = "com.apple.product-type.application";
		};
		434EA83AF3C04A799414C46B /* ActivityWeatherTests */ = {
			isa = PBXNativeTarget;
			buildConfigurationList = 346C37DB5641496A96FE4534 /* Build configuration list for PBXNativeTarget "ActivityWeatherTests" */;
			buildPhases = (
				BFB880C7EEA647B3BF02F01D /* Sources */,
				F29FD39058864A119443A1E5 /* Frameworks */,
				FAEBE72B40A54089B1604BFC /* Resources */,
			);
			buildRules = (
			);
			dependencies = (
				C7763D96DC884E1DB189D635 /* PBXTargetDependency */,
			);
			name = ActivityWeatherTests;
			productName = ActivityWeatherTests;
			productReference = DFE472E830A541A1ADF45009 /* ActivityWeatherTests.xctest */;
			productType = "com.apple.product-type.bundle.unit-test";
		};
		5047D9A583EF4D428A777FE3 /* ActivityWeatherUITests */ = {
			isa = PBXNativeTarget;
			buildConfigurationList = D780E4EAD12D490792D8524A /* Build configuration list for PBXNativeTarget "ActivityWeatherUITests" */;
			buildPhases = (
				AD00889965F041B8BB25F434 /* Sources */,
				8EA8E9C65E02417D9C7F72EE /* Frameworks */,
				19E8A24C574E499A9FB4F62C /* Resources */,
			);
			buildRules = (
			);
			dependencies = (
				A98A52500A174BD68A6C168F /* PBXTargetDependency */,
			);
			name = ActivityWeatherUITests;
			productName = ActivityWeatherUITests;
			productReference = 5FF09B28294F4AF2846951AC /* ActivityWeatherUITests.xctest */;
			productType = "com.apple.product-type.bundle.ui-testing";
		};
/* End PBXNativeTarget section */

/* Begin PBXProject section */
		2E21DC262DE04E64B13AF181 /* Project object */ = {
			isa = PBXProject;
			attributes = {
				BuildIndependentTargetsInParallel = 1;
				LastSwiftUpdateCheck = 2620;
				LastUpgradeCheck = 2620;
				TargetAttributes = {
					D95FA6F80D074C29971D52BA = {
						CreatedOnToolsVersion = 26.2;
					};
					434EA83AF3C04A799414C46B = {
						CreatedOnToolsVersion = 26.2;
						TestTargetID = D95FA6F80D074C29971D52BA;
					};
					5047D9A583EF4D428A777FE3 = {
						CreatedOnToolsVersion = 26.2;
						TestTargetID = D95FA6F80D074C29971D52BA;
					};
				};
			};
			buildConfigurationList = D8BBEC5F8F444D889172FA1A /* Build configuration list for PBXProject "ActivityWeather" */;
			developmentRegion = en;
			hasScannedForEncodings = 0;
			knownRegions = (
				en,
				Base,
			);
			mainGroup = F4C84CEF4F0646C287C7B41E;
			minimizedProjectReferenceProxies = 1;
			preferredProjectObjectVersion = 77;
			productRefGroup = 6DC74ECCB9E349828AF0F3C0 /* Products */;
			projectDirPath = "";
			projectRoot = "";
			targets = (
				D95FA6F80D074C29971D52BA /* ActivityWeather */,
				434EA83AF3C04A799414C46B /* ActivityWeatherTests */,
				5047D9A583EF4D428A777FE3 /* ActivityWeatherUITests */,
			);
		};
/* End PBXProject section */

/* Begin PBXResourcesBuildPhase section */
		289CB9AF2513427A918A9332 /* Resources */ = {
			isa = PBXResourcesBuildPhase;
			buildActionMask = 2147483647;
			files = (
				4925E1811E49402789694E0A /* Assets.xcassets in Resources */,
			);
			runOnlyForDeploymentPostprocessing = 0;
		};
		FAEBE72B40A54089B1604BFC /* Resources */ = {
			isa = PBXResourcesBuildPhase;
			buildActionMask = 2147483647;
			files = (
				A11E0C10B2C14F0A9D3E5F10 /* geocoding_missing_results.json in Resources */,
				A11E0C11B2C14F0A9D3E5F10 /* geocoding_empty_results.json in Resources */,
				A11E0C12B2C14F0A9D3E5F10 /* geocoding_success_ambiguous.json in Resources */,
				A11E0C13B2C14F0A9D3E5F10 /* geocoding_mixed.json in Resources */,
				A11E0C14B2C14F0A9D3E5F10 /* geocoding_all_invalid.json in Resources */,
				A11E0C15B2C14F0A9D3E5F10 /* geocoding_blank_required.json in Resources */,
				A11E0C16B2C14F0A9D3E5F10 /* geocoding_blank_optional.json in Resources */,
				A11E0C17B2C14F0A9D3E5F10 /* geocoding_invalid_coordinates.json in Resources */,
				A11E0C18B2C14F0A9D3E5F10 /* geocoding_wrong_types.json in Resources */,
				F31F0C20B2C14F0A9D3E5F10 /* forecast_success_seven_days.json in Resources */,
				F31F0C21B2C14F0A9D3E5F10 /* forecast_missing_daily.json in Resources */,
				F31F0C22B2C14F0A9D3E5F10 /* forecast_missing_daily_units.json in Resources */,
				F31F0C23B2C14F0A9D3E5F10 /* forecast_missing_timezone.json in Resources */,
				F31F0C24B2C14F0A9D3E5F10 /* forecast_missing_time.json in Resources */,
				F31F0C25B2C14F0A9D3E5F10 /* forecast_missing_weather_code.json in Resources */,
				F31F0C26B2C14F0A9D3E5F10 /* forecast_null_weather_code.json in Resources */,
				F31F0C27B2C14F0A9D3E5F10 /* forecast_wrong_types.json in Resources */,
				F31F0C28B2C14F0A9D3E5F10 /* forecast_unexpected_unit.json in Resources */,
				F31F0C29B2C14F0A9D3E5F10 /* forecast_fewer_days.json in Resources */,
				F31F0C2AB2C14F0A9D3E5F10 /* forecast_extra_days.json in Resources */,
				F31F0C2BB2C14F0A9D3E5F10 /* forecast_mismatched_lengths.json in Resources */,
				F31F0C2CB2C14F0A9D3E5F10 /* forecast_invalid_date.json in Resources */,
			);
			runOnlyForDeploymentPostprocessing = 0;
		};
		19E8A24C574E499A9FB4F62C /* Resources */ = {
			isa = PBXResourcesBuildPhase;
			buildActionMask = 2147483647;
			files = (
			);
			runOnlyForDeploymentPostprocessing = 0;
		};
/* End PBXResourcesBuildPhase section */

/* Begin PBXSourcesBuildPhase section */
		D086E7E52DF24BAB9AA10A1F /* Sources */ = {
			isa = PBXSourcesBuildPhase;
			buildActionMask = 2147483647;
			files = (
				037B42584F364C6E86C33FA7 /* ActivityWeatherApp.swift in Sources */,
				3158DD9562A04454BB1A1647 /* ContentView.swift in Sources */,
				992F2C83CF2E4C8F9322F10D /* DomainError.swift in Sources */,
				50DA6FB18A1F4A08994628C3 /* Coordinate.swift in Sources */,
				610FCAB89A1740ADA88FDF01 /* SuitabilityScore.swift in Sources */,
				B3F3F594F6564E38AA4FC2A5 /* CivilDate.swift in Sources */,
				98398A9644E947B8996AA1E5 /* DailyForecast.swift in Sources */,
				6EDE7A0C7B3A495B81FB0BE5 /* WeeklyForecast.swift in Sources */,
				C1AD8614E2424C8E9EC957D2 /* Activity.swift in Sources */,
				8D23D5652F164481A8020B77 /* Location.swift in Sources */,
				1A0DC801B943402C956CB8E0 /* DailyActivitySuitability.swift in Sources */,
				A51BC048D6BA4A8697DE87FE /* LocationRepository.swift in Sources */,
				FF57BD8E362E4DACAF1FF89D /* ForecastRepository.swift in Sources */,
				6397BE661C69435286935348 /* ActivityScoring.swift in Sources */,
				G41F0C01B2C14F0A9D3E5F10 /* SuitabilityScoringEngine.swift in Sources */,
				G41F0C02B2C14F0A9D3E5F10 /* ScoringSpecification.swift in Sources */,
				A635CFFD5E5D4ED2B53E98A8 /* APIError.swift in Sources */,
				5BDD81BFF66D4A879EBBD1D3 /* APIEndpoint.swift in Sources */,
				DA16C32E8BA74F05A740551E /* APIClient.swift in Sources */,
				3D269D00D588428DA1A54A4A /* URLSessionAPIClient.swift in Sources */,
				D21E0C01B2C14F0A9D3E5F10 /* OpenMeteoGeocodingEndpoint.swift in Sources */,
				D21E0C02B2C14F0A9D3E5F10 /* GeocodingResponseDTO.swift in Sources */,
				D21E0C03B2C14F0A9D3E5F10 /* GeocodingLocationMapper.swift in Sources */,
				D21E0C04B2C14F0A9D3E5F10 /* GeocodingError.swift in Sources */,
				D21E0C05B2C14F0A9D3E5F10 /* OpenMeteoLocationRepository.swift in Sources */,
				F31F0C01B2C14F0A9D3E5F10 /* OpenMeteoForecastEndpoint.swift in Sources */,
				F31F0C02B2C14F0A9D3E5F10 /* ForecastResponseDTO.swift in Sources */,
				F31F0C03B2C14F0A9D3E5F10 /* ForecastMapper.swift in Sources */,
				F31F0C04B2C14F0A9D3E5F10 /* ForecastMappingError.swift in Sources */,
				F31F0C05B2C14F0A9D3E5F10 /* OpenMeteoForecastRepository.swift in Sources */,
			);
			runOnlyForDeploymentPostprocessing = 0;
		};
		BFB880C7EEA647B3BF02F01D /* Sources */ = {
			isa = PBXSourcesBuildPhase;
			buildActionMask = 2147483647;
			files = (
				4F5620B52396421197DD25EB /* CoordinateTests.swift in Sources */,
				9BB1053363F743B497B1A135 /* CivilDateTests.swift in Sources */,
				556D5576AC3D4C158B4A4655 /* SuitabilityScoreTests.swift in Sources */,
				G41F0C12B2C14F0A9D3E5F10 /* ScoringFixture.swift in Sources */,
				G41F0C11B2C14F0A9D3E5F10 /* SuitabilityScoringEngineTests.swift in Sources */,
				G41F0C13B2C14F0A9D3E5F10 /* ScoringThresholdTests.swift in Sources */,
				G41F0C14B2C14F0A9D3E5F10 /* ActivityScoringRankingTests.swift in Sources */,
				092AC8C1076443AE9B2AA52A /* SuitabilityLevelTests.swift in Sources */,
				0EB3BEBE98DA4EE081CA49F7 /* DailyForecastTests.swift in Sources */,
				89F8B02231FD4AD8AFB30779 /* WeeklyForecastTests.swift in Sources */,
				EAA2DB427A6F4E498C8A73A9 /* LocationTests.swift in Sources */,
				6284C8D9ACA24DD681774713 /* ActivitySuitabilityTests.swift in Sources */,
				5BF9BEB6C44A427C8C99BBB3 /* APIEndpointTests.swift in Sources */,
				D3616CA25BF9466783B5C111 /* StubURLProtocol.swift in Sources */,
				C37A074CA8704B55863FDF18 /* URLSessionAPIClientTests.swift in Sources */,
				A11E0C01B2C14F0A9D3E5F10 /* OpenMeteoGeocodingEndpointTests.swift in Sources */,
				A11E0C02B2C14F0A9D3E5F10 /* GeocodingLocationMapperTests.swift in Sources */,
				A11E0C03B2C14F0A9D3E5F10 /* OpenMeteoLocationRepositoryTests.swift in Sources */,
				A11E0C04B2C14F0A9D3E5F10 /* StubAPIClient.swift in Sources */,
				A11E0C05B2C14F0A9D3E5F10 /* GeocodingFixture.swift in Sources */,
				F31F0C11B2C14F0A9D3E5F10 /* OpenMeteoForecastEndpointTests.swift in Sources */,
				F31F0C12B2C14F0A9D3E5F10 /* ForecastMapperTests.swift in Sources */,
				F31F0C13B2C14F0A9D3E5F10 /* OpenMeteoForecastRepositoryTests.swift in Sources */,
				F31F0C14B2C14F0A9D3E5F10 /* ForecastStubAPIClient.swift in Sources */,
				F31F0C15B2C14F0A9D3E5F10 /* ForecastFixture.swift in Sources */,
			);
			runOnlyForDeploymentPostprocessing = 0;
		};
		AD00889965F041B8BB25F434 /* Sources */ = {
			isa = PBXSourcesBuildPhase;
			buildActionMask = 2147483647;
			files = (
				C47D9D5A87F24F62949C3D07 /* ActivityWeatherUITests.swift in Sources */,
			);
			runOnlyForDeploymentPostprocessing = 0;
		};
/* End PBXSourcesBuildPhase section */

/* Begin PBXTargetDependency section */
		C7763D96DC884E1DB189D635 /* PBXTargetDependency */ = {
			isa = PBXTargetDependency;
			target = D95FA6F80D074C29971D52BA /* ActivityWeather */;
			targetProxy = E8910DE24D8B46A98124F381 /* PBXContainerItemProxy */;
		};
		A98A52500A174BD68A6C168F /* PBXTargetDependency */ = {
			isa = PBXTargetDependency;
			target = D95FA6F80D074C29971D52BA /* ActivityWeather */;
			targetProxy = 9B454530A9FB432AB621B82A /* PBXContainerItemProxy */;
		};
/* End PBXTargetDependency section */

/* Begin XCBuildConfiguration section */
		0F96370DA74F42C1A6C547C8 /* Debug */ = {
			isa = XCBuildConfiguration;
			buildSettings = {
				ALWAYS_SEARCH_USER_PATHS = NO;
				ASSETCATALOG_COMPILER_GENERATE_SWIFT_ASSET_SYMBOL_EXTENSIONS = YES;
				CLANG_ANALYZER_NONNULL = YES;
				CLANG_ANALYZER_NUMBER_OBJECT_CONVERSION = YES_AGGRESSIVE;
				CLANG_CXX_LANGUAGE_STANDARD = "gnu++20";
				CLANG_ENABLE_MODULES = YES;
				CLANG_ENABLE_OBJC_ARC = YES;
				CLANG_ENABLE_OBJC_WEAK = YES;
				CLANG_WARN_BLOCK_CAPTURE_AUTORELEASING = YES;
				CLANG_WARN_BOOL_CONVERSION = YES;
				CLANG_WARN_COMMA = YES;
				CLANG_WARN_CONSTANT_CONVERSION = YES;
				CLANG_WARN_DEPRECATED_OBJC_IMPLEMENTATIONS = YES;
				CLANG_WARN_DIRECT_OBJC_ISA_USAGE = YES_ERROR;
				CLANG_WARN_DOCUMENTATION_COMMENTS = YES;
				CLANG_WARN_EMPTY_BODY = YES;
				CLANG_WARN_ENUM_CONVERSION = YES;
				CLANG_WARN_INFINITE_RECURSION = YES;
				CLANG_WARN_INT_CONVERSION = YES;
				CLANG_WARN_NON_LITERAL_NULL_CONVERSION = YES;
				CLANG_WARN_OBJC_IMPLICIT_RETAIN_SELF = YES;
				CLANG_WARN_OBJC_LITERAL_CONVERSION = YES;
				CLANG_WARN_OBJC_ROOT_CLASS = YES_ERROR;
				CLANG_WARN_QUOTED_INCLUDE_IN_FRAMEWORK_HEADER = YES;
				CLANG_WARN_RANGE_LOOP_ANALYSIS = YES;
				CLANG_WARN_STRICT_PROTOTYPES = YES;
				CLANG_WARN_SUSPICIOUS_MOVE = YES;
				CLANG_WARN_UNGUARDED_AVAILABILITY = YES_AGGRESSIVE;
				CLANG_WARN_UNREACHABLE_CODE = YES;
				CLANG_WARN__DUPLICATE_METHOD_MATCH = YES;
				COPY_PHASE_STRIP = NO;
				DEBUG_INFORMATION_FORMAT = dwarf;
				DEVELOPMENT_TEAM = "";
				ENABLE_STRICT_OBJC_MSGSEND = YES;
				ENABLE_TESTABILITY = YES;
				ENABLE_USER_SCRIPT_SANDBOXING = YES;
				GCC_C_LANGUAGE_STANDARD = gnu17;
				GCC_DYNAMIC_NO_PIC = NO;
				GCC_NO_COMMON_BLOCKS = YES;
				GCC_OPTIMIZATION_LEVEL = 0;
				GCC_PREPROCESSOR_DEFINITIONS = (
					"DEBUG=1",
					"$(inherited)",
				);
				GCC_WARN_64_TO_32_BIT_CONVERSION = YES;
				GCC_WARN_ABOUT_RETURN_TYPE = YES_ERROR;
				GCC_WARN_UNDECLARED_SELECTOR = YES;
				GCC_WARN_UNINITIALIZED_AUTOS = YES_AGGRESSIVE;
				GCC_WARN_UNUSED_FUNCTION = YES;
				GCC_WARN_UNUSED_VARIABLE = YES;
				IPHONEOS_DEPLOYMENT_TARGET = 17.0;
				LOCALIZATION_PREFERS_STRING_CATALOGS = YES;
				MTL_ENABLE_DEBUG_INFO = INCLUDE_SOURCE;
				MTL_FAST_MATH = YES;
				ONLY_ACTIVE_ARCH = YES;
				SDKROOT = iphoneos;
				SWIFT_ACTIVE_COMPILATION_CONDITIONS = "DEBUG $(inherited)";
				SWIFT_OPTIMIZATION_LEVEL = "-Onone";
				SWIFT_VERSION = 6.0;
			};
			name = Debug;
		};
		CBAF40D7AFE84CAB980127EC /* Release */ = {
			isa = XCBuildConfiguration;
			buildSettings = {
				ALWAYS_SEARCH_USER_PATHS = NO;
				ASSETCATALOG_COMPILER_GENERATE_SWIFT_ASSET_SYMBOL_EXTENSIONS = YES;
				CLANG_ANALYZER_NONNULL = YES;
				CLANG_ANALYZER_NUMBER_OBJECT_CONVERSION = YES_AGGRESSIVE;
				CLANG_CXX_LANGUAGE_STANDARD = "gnu++20";
				CLANG_ENABLE_MODULES = YES;
				CLANG_ENABLE_OBJC_ARC = YES;
				CLANG_ENABLE_OBJC_WEAK = YES;
				CLANG_WARN_BLOCK_CAPTURE_AUTORELEASING = YES;
				CLANG_WARN_BOOL_CONVERSION = YES;
				CLANG_WARN_COMMA = YES;
				CLANG_WARN_CONSTANT_CONVERSION = YES;
				CLANG_WARN_DEPRECATED_OBJC_IMPLEMENTATIONS = YES;
				CLANG_WARN_DIRECT_OBJC_ISA_USAGE = YES_ERROR;
				CLANG_WARN_DOCUMENTATION_COMMENTS = YES;
				CLANG_WARN_EMPTY_BODY = YES;
				CLANG_WARN_ENUM_CONVERSION = YES;
				CLANG_WARN_INFINITE_RECURSION = YES;
				CLANG_WARN_INT_CONVERSION = YES;
				CLANG_WARN_NON_LITERAL_NULL_CONVERSION = YES;
				CLANG_WARN_OBJC_IMPLICIT_RETAIN_SELF = YES;
				CLANG_WARN_OBJC_LITERAL_CONVERSION = YES;
				CLANG_WARN_OBJC_ROOT_CLASS = YES_ERROR;
				CLANG_WARN_QUOTED_INCLUDE_IN_FRAMEWORK_HEADER = YES;
				CLANG_WARN_RANGE_LOOP_ANALYSIS = YES;
				CLANG_WARN_STRICT_PROTOTYPES = YES;
				CLANG_WARN_SUSPICIOUS_MOVE = YES;
				CLANG_WARN_UNGUARDED_AVAILABILITY = YES_AGGRESSIVE;
				CLANG_WARN_UNREACHABLE_CODE = YES;
				CLANG_WARN__DUPLICATE_METHOD_MATCH = YES;
				COPY_PHASE_STRIP = NO;
				DEBUG_INFORMATION_FORMAT = "dwarf-with-dsym";
				DEVELOPMENT_TEAM = "";
				ENABLE_NS_ASSERTIONS = NO;
				ENABLE_STRICT_OBJC_MSGSEND = YES;
				ENABLE_USER_SCRIPT_SANDBOXING = YES;
				GCC_C_LANGUAGE_STANDARD = gnu17;
				GCC_NO_COMMON_BLOCKS = YES;
				GCC_WARN_64_TO_32_BIT_CONVERSION = YES;
				GCC_WARN_ABOUT_RETURN_TYPE = YES_ERROR;
				GCC_WARN_UNDECLARED_SELECTOR = YES;
				GCC_WARN_UNINITIALIZED_AUTOS = YES_AGGRESSIVE;
				GCC_WARN_UNUSED_FUNCTION = YES;
				GCC_WARN_UNUSED_VARIABLE = YES;
				IPHONEOS_DEPLOYMENT_TARGET = 17.0;
				LOCALIZATION_PREFERS_STRING_CATALOGS = YES;
				MTL_ENABLE_DEBUG_INFO = NO;
				MTL_FAST_MATH = YES;
				SDKROOT = iphoneos;
				SWIFT_COMPILATION_MODE = wholemodule;
				SWIFT_VERSION = 6.0;
				VALIDATE_PRODUCT = YES;
			};
			name = Release;
		};
		F65DABB54AF943689E92548F /* Debug */ = {
			isa = XCBuildConfiguration;
			buildSettings = {
				ASSETCATALOG_COMPILER_APPICON_NAME = AppIcon;
				ASSETCATALOG_COMPILER_GLOBAL_ACCENT_COLOR_NAME = AccentColor;
				CODE_SIGN_STYLE = Automatic;
				CURRENT_PROJECT_VERSION = 1;
				DEVELOPMENT_TEAM = "";
				ENABLE_PREVIEWS = YES;
				GENERATE_INFOPLIST_FILE = YES;
				INFOPLIST_KEY_CFBundleDisplayName = "Activity Weather";
				INFOPLIST_KEY_LSApplicationCategoryType = "public.app-category.weather";
				INFOPLIST_KEY_UIApplicationSceneManifest_Generation = YES;
				INFOPLIST_KEY_UIApplicationSupportsIndirectInputEvents = YES;
				INFOPLIST_KEY_UILaunchScreen_Generation = YES;
				INFOPLIST_KEY_UISupportedInterfaceOrientations_iPad = "UIInterfaceOrientationPortrait UIInterfaceOrientationPortraitUpsideDown UIInterfaceOrientationLandscapeLeft UIInterfaceOrientationLandscapeRight";
				INFOPLIST_KEY_UISupportedInterfaceOrientations_iPhone = "UIInterfaceOrientationPortrait UIInterfaceOrientationLandscapeLeft UIInterfaceOrientationLandscapeRight";
				IPHONEOS_DEPLOYMENT_TARGET = 17.0;
				LD_RUNPATH_SEARCH_PATHS = (
					"$(inherited)",
					"@executable_path/Frameworks",
				);
				MARKETING_VERSION = 1.0;
				PRODUCT_BUNDLE_IDENTIFIER = com.activityweather.ActivityWeather;
				PRODUCT_NAME = "$(TARGET_NAME)";
				SUPPORTED_PLATFORMS = "iphoneos iphonesimulator";
				SUPPORTS_MACCATALYST = NO;
				SWIFT_APPROACHABLE_CONCURRENCY = YES;
				SWIFT_EMIT_LOC_STRINGS = YES;
				SWIFT_VERSION = 6.0;
				TARGETED_DEVICE_FAMILY = "1,2";
			};
			name = Debug;
		};
		F246EBF67F064274A8873627 /* Release */ = {
			isa = XCBuildConfiguration;
			buildSettings = {
				ASSETCATALOG_COMPILER_APPICON_NAME = AppIcon;
				ASSETCATALOG_COMPILER_GLOBAL_ACCENT_COLOR_NAME = AccentColor;
				CODE_SIGN_STYLE = Automatic;
				CURRENT_PROJECT_VERSION = 1;
				DEVELOPMENT_TEAM = "";
				ENABLE_PREVIEWS = YES;
				GENERATE_INFOPLIST_FILE = YES;
				INFOPLIST_KEY_CFBundleDisplayName = "Activity Weather";
				INFOPLIST_KEY_LSApplicationCategoryType = "public.app-category.weather";
				INFOPLIST_KEY_UIApplicationSceneManifest_Generation = YES;
				INFOPLIST_KEY_UIApplicationSupportsIndirectInputEvents = YES;
				INFOPLIST_KEY_UILaunchScreen_Generation = YES;
				INFOPLIST_KEY_UISupportedInterfaceOrientations_iPad = "UIInterfaceOrientationPortrait UIInterfaceOrientationPortraitUpsideDown UIInterfaceOrientationLandscapeLeft UIInterfaceOrientationLandscapeRight";
				INFOPLIST_KEY_UISupportedInterfaceOrientations_iPhone = "UIInterfaceOrientationPortrait UIInterfaceOrientationLandscapeLeft UIInterfaceOrientationLandscapeRight";
				IPHONEOS_DEPLOYMENT_TARGET = 17.0;
				LD_RUNPATH_SEARCH_PATHS = (
					"$(inherited)",
					"@executable_path/Frameworks",
				);
				MARKETING_VERSION = 1.0;
				PRODUCT_BUNDLE_IDENTIFIER = com.activityweather.ActivityWeather;
				PRODUCT_NAME = "$(TARGET_NAME)";
				SUPPORTED_PLATFORMS = "iphoneos iphonesimulator";
				SUPPORTS_MACCATALYST = NO;
				SWIFT_APPROACHABLE_CONCURRENCY = YES;
				SWIFT_EMIT_LOC_STRINGS = YES;
				SWIFT_VERSION = 6.0;
				TARGETED_DEVICE_FAMILY = "1,2";
			};
			name = Release;
		};
		A0AE4F80AF16404CAC5A7B76 /* Debug */ = {
			isa = XCBuildConfiguration;
			buildSettings = {
				BUNDLE_LOADER = "$(TEST_HOST)";
				CODE_SIGN_STYLE = Automatic;
				CURRENT_PROJECT_VERSION = 1;
				DEVELOPMENT_TEAM = "";
				GENERATE_INFOPLIST_FILE = YES;
				IPHONEOS_DEPLOYMENT_TARGET = 17.0;
				MARKETING_VERSION = 1.0;
				PRODUCT_BUNDLE_IDENTIFIER = com.activityweather.ActivityWeatherTests;
				PRODUCT_NAME = "$(TARGET_NAME)";
				SWIFT_APPROACHABLE_CONCURRENCY = YES;
				SWIFT_EMIT_LOC_STRINGS = NO;
				SWIFT_VERSION = 6.0;
				TARGETED_DEVICE_FAMILY = "1,2";
				TEST_HOST = "$(BUILT_PRODUCTS_DIR)/ActivityWeather.app/$(BUNDLE_EXECUTABLE_FOLDER_PATH)/ActivityWeather";
			};
			name = Debug;
		};
		E9288DDCF7444BCC838316A4 /* Release */ = {
			isa = XCBuildConfiguration;
			buildSettings = {
				BUNDLE_LOADER = "$(TEST_HOST)";
				CODE_SIGN_STYLE = Automatic;
				CURRENT_PROJECT_VERSION = 1;
				DEVELOPMENT_TEAM = "";
				GENERATE_INFOPLIST_FILE = YES;
				IPHONEOS_DEPLOYMENT_TARGET = 17.0;
				MARKETING_VERSION = 1.0;
				PRODUCT_BUNDLE_IDENTIFIER = com.activityweather.ActivityWeatherTests;
				PRODUCT_NAME = "$(TARGET_NAME)";
				SWIFT_APPROACHABLE_CONCURRENCY = YES;
				SWIFT_EMIT_LOC_STRINGS = NO;
				SWIFT_VERSION = 6.0;
				TARGETED_DEVICE_FAMILY = "1,2";
				TEST_HOST = "$(BUILT_PRODUCTS_DIR)/ActivityWeather.app/$(BUNDLE_EXECUTABLE_FOLDER_PATH)/ActivityWeather";
			};
			name = Release;
		};
		0CEB544EEC87415899752745 /* Debug */ = {
			isa = XCBuildConfiguration;
			buildSettings = {
				CODE_SIGN_STYLE = Automatic;
				CURRENT_PROJECT_VERSION = 1;
				DEVELOPMENT_TEAM = "";
				GENERATE_INFOPLIST_FILE = YES;
				IPHONEOS_DEPLOYMENT_TARGET = 17.0;
				MARKETING_VERSION = 1.0;
				PRODUCT_BUNDLE_IDENTIFIER = com.activityweather.ActivityWeatherUITests;
				PRODUCT_NAME = "$(TARGET_NAME)";
				SWIFT_APPROACHABLE_CONCURRENCY = YES;
				SWIFT_EMIT_LOC_STRINGS = NO;
				SWIFT_VERSION = 6.0;
				TARGETED_DEVICE_FAMILY = "1,2";
				TEST_TARGET_NAME = ActivityWeather;
			};
			name = Debug;
		};
		06530274AEB04F56A34B434E /* Release */ = {
			isa = XCBuildConfiguration;
			buildSettings = {
				CODE_SIGN_STYLE = Automatic;
				CURRENT_PROJECT_VERSION = 1;
				DEVELOPMENT_TEAM = "";
				GENERATE_INFOPLIST_FILE = YES;
				IPHONEOS_DEPLOYMENT_TARGET = 17.0;
				MARKETING_VERSION = 1.0;
				PRODUCT_BUNDLE_IDENTIFIER = com.activityweather.ActivityWeatherUITests;
				PRODUCT_NAME = "$(TARGET_NAME)";
				SWIFT_APPROACHABLE_CONCURRENCY = YES;
				SWIFT_EMIT_LOC_STRINGS = NO;
				SWIFT_VERSION = 6.0;
				TARGETED_DEVICE_FAMILY = "1,2";
				TEST_TARGET_NAME = ActivityWeather;
			};
			name = Release;
		};
/* End XCBuildConfiguration section */

/* Begin XCConfigurationList section */
		D8BBEC5F8F444D889172FA1A /* Build configuration list for PBXProject "ActivityWeather" */ = {
			isa = XCConfigurationList;
			buildConfigurations = (
				0F96370DA74F42C1A6C547C8 /* Debug */,
				CBAF40D7AFE84CAB980127EC /* Release */,
			);
			defaultConfigurationIsVisible = 0;
			defaultConfigurationName = Release;
		};
		997B799D407C43D985743265 /* Build configuration list for PBXNativeTarget "ActivityWeather" */ = {
			isa = XCConfigurationList;
			buildConfigurations = (
				F65DABB54AF943689E92548F /* Debug */,
				F246EBF67F064274A8873627 /* Release */,
			);
			defaultConfigurationIsVisible = 0;
			defaultConfigurationName = Release;
		};
		346C37DB5641496A96FE4534 /* Build configuration list for PBXNativeTarget "ActivityWeatherTests" */ = {
			isa = XCConfigurationList;
			buildConfigurations = (
				A0AE4F80AF16404CAC5A7B76 /* Debug */,
				E9288DDCF7444BCC838316A4 /* Release */,
			);
			defaultConfigurationIsVisible = 0;
			defaultConfigurationName = Release;
		};
		D780E4EAD12D490792D8524A /* Build configuration list for PBXNativeTarget "ActivityWeatherUITests" */ = {
			isa = XCConfigurationList;
			buildConfigurations = (
				0CEB544EEC87415899752745 /* Debug */,
				06530274AEB04F56A34B434E /* Release */,
			);
			defaultConfigurationIsVisible = 0;
			defaultConfigurationName = Release;
		};
/* End XCConfigurationList section */
	};
	rootObject = 2E21DC262DE04E64B13AF181 /* Project object */;
}
